
Microsoft Visual Studio Solution File, Format Version 11.00
# Visual Studio 2010
Project("{FAE04EC0-301F-11D3-BF4B-00C04F79EFBC}") = "UnityEngine.UI", "UnityEngine.UI.csproj", "{c82bca3a-7678-253e-160b-6333c267cc4d}"
EndProject
Project("{FAE04EC0-301F-11D3-BF4B-00C04F79EFBC}") = "Unity.InputSystem", "Unity.InputSystem.csproj", "{063fa87b-9a0c-f4ed-1dc3-3eb722ce6b58}"
EndProject
Project("{FAE04EC0-301F-11D3-BF4B-00C04F79EFBC}") = "Unity.RenderPipelines.Core.Runtime", "Unity.RenderPipelines.Core.Runtime.csproj", "{44a0cf97-6216-3c1d-a818-450aa43af752}"
EndProject
Project("{FAE04EC0-301F-11D3-BF4B-00C04F79EFBC}") = "Assembly-CSharp", "Assembly-CSharp.csproj", "{c537bd8c-3b38-541d-9974-d36351941c3f}"
EndProject
Project("{FAE04EC0-301F-11D3-BF4B-00C04F79EFBC}") = "UnityEngine.TestRunner", "UnityEngine.TestRunner.csproj", "{950439dc-8378-5e09-e0c8-dac2c8476c34}"
EndProject
Project("{FAE04EC0-301F-11D3-BF4B-00C04F79EFBC}") = "FranzCo.unityutilities", "FranzCo.unityutilities.csproj", "{09a4c859-d5af-0721-a34e-46a6495f7bba}"
EndProject
Project("{FAE04EC0-301F-11D3-BF4B-00C04F79EFBC}") = "Unity.Mathematics", "Unity.Mathematics.csproj", "{bfccb04f-ceaf-f9bb-a505-2947edce4c07}"
EndProject
Project("{FAE04EC0-301F-11D3-BF4B-00C04F79EFBC}") = "Unity.RenderPipelines.Universal.Runtime", "Unity.RenderPipelines.Universal.Runtime.csproj", "{c289065f-6916-9223-6d59-629875ada945}"
EndProject
Project("{FAE04EC0-301F-11D3-BF4B-00C04F79EFBC}") = "UnityEngine.XR.LegacyInputHelpers", "UnityEngine.XR.LegacyInputHelpers.csproj", "{2f273882-7d09-31d9-670b-82640e55dbc0}"
EndProject
Project("{FAE04EC0-301F-11D3-BF4B-00C04F79EFBC}") = "FranzCo.unityutilities.VRInteraction", "FranzCo.unityutilities.VRInteraction.csproj", "{74865e88-2797-ceb5-fce2-2ec58b36ef3c}"
EndProject
Project("{FAE04EC0-301F-11D3-BF4B-00C04F79EFBC}") = "Unity.Animation.Rigging", "Unity.Animation.Rigging.csproj", "{10e18954-928a-3252-3257-ca4ba3da5772}"
EndProject
Project("{FAE04EC0-301F-11D3-BF4B-00C04F79EFBC}") = "PhotonUnityNetworking.Demos", "PhotonUnityNetworking.Demos.csproj", "{7e9391f7-d3aa-1c2a-9d1d-2201bccabb07}"
EndProject
Project("{FAE04EC0-301F-11D3-BF4B-00C04F79EFBC}") = "Unity.Burst", "Unity.Burst.csproj", "{33bb4dcb-c678-62c9-af10-8d1c4401581e}"
EndProject
Project("{FAE04EC0-301F-11D3-BF4B-00C04F79EFBC}") = "Unity.TextMeshPro", "Unity.TextMeshPro.csproj", "{5d57e9df-1e61-1a43-035b-ea4b81012b49}"
EndProject
Project("{FAE04EC0-301F-11D3-BF4B-00C04F79EFBC}") = "Unity.VisualEffectGraph.Runtime", "Unity.VisualEffectGraph.Runtime.csproj", "{cf93b30b-31f8-9c89-01ac-2475b1d6d0cc}"
EndProject
Project("{FAE04EC0-301F-11D3-BF4B-00C04F79EFBC}") = "Cinemachine", "Cinemachine.csproj", "{1f642ffd-6ad8-3471-0c95-74181fd2c5de}"
EndProject
Project("{FAE04EC0-301F-11D3-BF4B-00C04F79EFBC}") = "Unity.Timeline", "Unity.Timeline.csproj", "{a073b2c2-0ec4-18dc-d3b7-66b797e24278}"
EndProject
Project("{FAE04EC0-301F-11D3-BF4B-00C04F79EFBC}") = "Autodesk.Fbx", "Autodesk.Fbx.csproj", "{fa0ffc8c-2e97-4c45-1ec2-e27ae2b66b5b}"
EndProject
Project("{FAE04EC0-301F-11D3-BF4B-00C04F79EFBC}") = "Unity.Postprocessing.Runtime", "Unity.Postprocessing.Runtime.csproj", "{31b0e0cd-7c92-edbc-3eb5-9b96ddc23ef4}"
EndProject
Project("{FAE04EC0-301F-11D3-BF4B-00C04F79EFBC}") = "PhotonRealtime", "PhotonRealtime.csproj", "{ac2ff5ad-20ec-2cc8-eb24-fbb82b7956b4}"
EndProject
Project("{FAE04EC0-301F-11D3-BF4B-00C04F79EFBC}") = "Unity.XR.OpenXR", "Unity.XR.OpenXR.csproj", "{028510d0-e058-1f31-18fc-034292e05075}"
EndProject
Project("{FAE04EC0-301F-11D3-BF4B-00C04F79EFBC}") = "HalfFloatASMDEF", "HalfFloatASMDEF.csproj", "{44d2240c-a346-0db3-1e1a-6d00afb9bdcf}"
EndProject
Project("{FAE04EC0-301F-11D3-BF4B-00C04F79EFBC}") = "PhotonUnityNetworking", "PhotonUnityNetworking.csproj", "{fea437d2-2626-d5e5-56cf-cde09bf05c23}"
EndProject
Project("{FAE04EC0-301F-11D3-BF4B-00C04F79EFBC}") = "PhotonUnityNetworking.Utilities", "PhotonUnityNetworking.Utilities.csproj", "{846d8d3f-07a4-3d02-a966-e5293c36d6d2}"
EndProject
Project("{FAE04EC0-301F-11D3-BF4B-00C04F79EFBC}") = "EmoCompressUtilsASMDEF", "EmoCompressUtilsASMDEF.csproj", "{ddd7f5f8-7daa-27f7-b918-7b351b735d9b}"
EndProject
Project("{FAE04EC0-301F-11D3-BF4B-00C04F79EFBC}") = "EchoVRAPI", "EchoVRAPI.csproj", "{26800ecf-2abc-fd48-a10e-70fa682c8fd9}"
EndProject
Project("{FAE04EC0-301F-11D3-BF4B-00C04F79EFBC}") = "Unity.XR.OpenXR.Features.MockDriver", "Unity.XR.OpenXR.Features.MockDriver.csproj", "{67036a32-106b-f149-d016-e9c61f142519}"
EndProject
Project("{FAE04EC0-301F-11D3-BF4B-00C04F79EFBC}") = "Unity.XR.Management", "Unity.XR.Management.csproj", "{eed9121a-36e3-a446-779b-85b42bfd013f}"
EndProject
Project("{FAE04EC0-301F-11D3-BF4B-00C04F79EFBC}") = "PhotonChat", "PhotonChat.csproj", "{2dd7a171-d47b-30a7-17b4-f18564f2db28}"
EndProject
Project("{FAE04EC0-301F-11D3-BF4B-00C04F79EFBC}") = "BitpackersASMDEF", "BitpackersASMDEF.csproj", "{a55452c7-1a19-61c5-1f06-065c0a0f7276}"
EndProject
Project("{FAE04EC0-301F-11D3-BF4B-00C04F79EFBC}") = "Pcx", "Pcx.csproj", "{e6cf0009-54e6-7e0f-3021-fedd5ffb4ec7}"
EndProject
Project("{FAE04EC0-301F-11D3-BF4B-00C04F79EFBC}") = "Unity.Formats.Fbx.Runtime", "Unity.Formats.Fbx.Runtime.csproj", "{586a87b0-7b17-3be9-ab2f-54d2ab779a2e}"
EndProject
Project("{FAE04EC0-301F-11D3-BF4B-00C04F79EFBC}") = "Unity.RenderPipelines.Core.ShaderLibrary", "Unity.RenderPipelines.Core.ShaderLibrary.csproj", "{6bbab12e-d47c-a946-ca67-013f425a59c5}"
EndProject
Project("{FAE04EC0-301F-11D3-BF4B-00C04F79EFBC}") = "Unity.XR.OpenXR.Features.RuntimeDebugger", "Unity.XR.OpenXR.Features.RuntimeDebugger.csproj", "{e71fc476-401b-73ca-87a9-4ccf82a1855f}"
EndProject
Project("{FAE04EC0-301F-11D3-BF4B-00C04F79EFBC}") = "Unity.XR.OpenXR.Features.ConformanceAutomation", "Unity.XR.OpenXR.Features.ConformanceAutomation.csproj", "{51251f60-8dd5-a1bd-d000-ffdd327b8185}"
EndProject
Project("{FAE04EC0-301F-11D3-BF4B-00C04F79EFBC}") = "Unity.XR.OpenXR.TestHelpers", "Unity.XR.OpenXR.TestHelpers.csproj", "{4d520666-ef15-8e52-7e5e-aa2164ea4cf2}"
EndProject
Project("{FAE04EC0-301F-11D3-BF4B-00C04F79EFBC}") = "ButterReplays", "ButterReplays.csproj", "{13d1a138-1371-bd74-246c-911f29b08bad}"
EndProject
Project("{FAE04EC0-301F-11D3-BF4B-00C04F79EFBC}") = "UnityEngine.SpatialTracking", "UnityEngine.SpatialTracking.csproj", "{197ff217-bd20-43c1-6426-2c9320f31743}"
EndProject
Project("{FAE04EC0-301F-11D3-BF4B-00C04F79EFBC}") = "Unity.RenderPipeline.Universal.ShaderLibrary", "Unity.RenderPipeline.Universal.ShaderLibrary.csproj", "{862c60fe-1faf-df6b-edc1-01955c6d5329}"
EndProject
Project("{FAE04EC0-301F-11D3-BF4B-00C04F79EFBC}") = "FbxBuildTestAssets", "FbxBuildTestAssets.csproj", "{51b425a6-d2d0-b340-9ea7-3d82d4288345}"
EndProject
Project("{FAE04EC0-301F-11D3-BF4B-00C04F79EFBC}") = "Assembly-CSharp-firstpass", "Assembly-CSharp-firstpass.csproj", "{fbabf9cb-3fda-7612-bac2-d479b5b9a9bf}"
EndProject
Project("{FAE04EC0-301F-11D3-BF4B-00C04F79EFBC}") = "MenuTablet", "MenuTablet.csproj", "{5a725e49-dcbb-ea9c-50e4-97c43f445d3d}"
EndProject
Project("{FAE04EC0-301F-11D3-BF4B-00C04F79EFBC}") = "Unity.XR.OpenXR.Features.MockRuntime", "Unity.XR.OpenXR.Features.MockRuntime.csproj", "{c0575478-1b25-861d-8a85-7d8ffe4e3dce}"
EndProject
Project("{FAE04EC0-301F-11D3-BF4B-00C04F79EFBC}") = "Unity.Subsystem.Registration", "Unity.Subsystem.Registration.csproj", "{bfd9c44a-5ead-5054-1a55-c22e7099c591}"
EndProject
Project("{FAE04EC0-301F-11D3-BF4B-00C04F79EFBC}") = "Unity.RenderPipelines.Universal.Shaders", "Unity.RenderPipelines.Universal.Shaders.csproj", "{8f5e43b0-a923-e412-027e-dfe936b6bfce}"
EndProject
Project("{FAE04EC0-301F-11D3-BF4B-00C04F79EFBC}") = "Unity.RenderPipelines.ShaderGraph.ShaderGraphLibrary", "Unity.RenderPipelines.ShaderGraph.ShaderGraphLibrary.csproj", "{03358220-ca0d-e804-e964-5c2844a8855d}"
EndProject
Project("{FAE04EC0-301F-11D3-BF4B-00C04F79EFBC}") = "Unity.XR.OpenXR.Features.OculusQuestSupport", "Unity.XR.OpenXR.Features.OculusQuestSupport.csproj", "{f6ca9721-000f-3d6b-343c-a9a2a7e030e9}"
EndProject
Project("{FAE04EC0-301F-11D3-BF4B-00C04F79EFBC}") = "Unity.VisualEffectGraph.Editor", "Unity.VisualEffectGraph.Editor.csproj", "{705623ac-220d-a439-9187-14892b498caa}"
EndProject
Project("{FAE04EC0-301F-11D3-BF4B-00C04F79EFBC}") = "Unity.PlasticSCM.Editor", "Unity.PlasticSCM.Editor.csproj", "{e0cd3812-8e15-6171-a942-76dc7484f640}"
EndProject
Project("{FAE04EC0-301F-11D3-BF4B-00C04F79EFBC}") = "Unity.XR.OpenXR.Editor", "Unity.XR.OpenXR.Editor.csproj", "{7df2253b-0506-5489-391c-e6e415b0be0e}"
EndProject
Project("{FAE04EC0-301F-11D3-BF4B-00C04F79EFBC}") = "Unity.ShaderGraph.Editor", "Unity.ShaderGraph.Editor.csproj", "{829de81f-bcf5-6021-9aa9-7a20f8c70c28}"
EndProject
Project("{FAE04EC0-301F-11D3-BF4B-00C04F79EFBC}") = "Unity.Formats.Fbx.Editor", "Unity.Formats.Fbx.Editor.csproj", "{626c4f00-434a-67f7-36f3-1c12717a8f6e}"
EndProject
Project("{FAE04EC0-301F-11D3-BF4B-00C04F79EFBC}") = "Unity.VisualStudio.Editor", "Unity.VisualStudio.Editor.csproj", "{da594d5f-29fd-5a51-2d4e-eb213d9e4190}"
EndProject
Project("{FAE04EC0-301F-11D3-BF4B-00C04F79EFBC}") = "PhotonUnityNetworking.Editor", "PhotonUnityNetworking.Editor.csproj", "{67910ffc-6003-4a21-9c56-193a4d88289f}"
EndProject
Project("{FAE04EC0-301F-11D3-BF4B-00C04F79EFBC}") = "Unity.Timeline.Editor", "Unity.Timeline.Editor.csproj", "{14c1db1f-7035-901d-d3b7-42a0826aef93}"
EndProject
Project("{FAE04EC0-301F-11D3-BF4B-00C04F79EFBC}") = "com.unity.cinemachine.editor", "com.unity.cinemachine.editor.csproj", "{077beedc-7f92-90f6-16f6-5eb07ba00fe5}"
EndProject
Project("{FAE04EC0-301F-11D3-BF4B-00C04F79EFBC}") = "Unity.TextMeshPro.Editor", "Unity.TextMeshPro.Editor.csproj", "{60abd5fc-1ec6-f023-34ce-86cd8a115cbf}"
EndProject
Project("{FAE04EC0-301F-11D3-BF4B-00C04F79EFBC}") = "Unity.CollabProxy.Editor", "Unity.CollabProxy.Editor.csproj", "{1c7a2291-3d61-13d2-b2a9-f630f431c631}"
EndProject
Project("{FAE04EC0-301F-11D3-BF4B-00C04F79EFBC}") = "Unity.Postprocessing.Editor", "Unity.Postprocessing.Editor.csproj", "{3f2056d4-3658-7548-1b6e-dd60926912d4}"
EndProject
Project("{FAE04EC0-301F-11D3-BF4B-00C04F79EFBC}") = "UnityEditor.TestRunner", "UnityEditor.TestRunner.csproj", "{8608a7a8-ece3-c109-4f05-c622cf1cfcd5}"
EndProject
Project("{FAE04EC0-301F-11D3-BF4B-00C04F79EFBC}") = "Unity.Rider.Editor", "Unity.Rider.Editor.csproj", "{b3f41c20-67a6-4a91-2014-aa79676c8421}"
EndProject
Project("{FAE04EC0-301F-11D3-BF4B-00C04F79EFBC}") = "Unity.RenderPipelines.Universal.Editor", "Unity.RenderPipelines.Universal.Editor.csproj", "{59fe2055-9d7f-eedf-5e76-e5547e5c2749}"
EndProject
Project("{FAE04EC0-301F-11D3-BF4B-00C04F79EFBC}") = "Unity.Services.Core.Editor", "Unity.Services.Core.Editor.csproj", "{db01d0f6-8204-0327-f31b-b5193b3cad8d}"
EndProject
Project("{FAE04EC0-301F-11D3-BF4B-00C04F79EFBC}") = "Unity.Animation.Rigging.Editor", "Unity.Animation.Rigging.Editor.csproj", "{10669bf8-72ec-20a0-3fb6-8fb3fe8eb779}"
EndProject
Project("{FAE04EC0-301F-11D3-BF4B-00C04F79EFBC}") = "com.unity.quicksearch", "com.unity.quicksearch.csproj", "{2902717c-b724-7291-3447-9f26dfdd8262}"
EndProject
Project("{FAE04EC0-301F-11D3-BF4B-00C04F79EFBC}") = "Unity.RenderPipelines.Core.Editor", "Unity.RenderPipelines.Core.Editor.csproj", "{c533f4bb-07e5-ad8f-2768-22c5ae70a466}"
EndProject
Project("{FAE04EC0-301F-11D3-BF4B-00C04F79EFBC}") = "Unity.Searcher.Editor", "Unity.Searcher.Editor.csproj", "{e8fa3af4-da5a-d6f9-cade-5fb5c8ff8a21}"
EndProject
Project("{FAE04EC0-301F-11D3-BF4B-00C04F79EFBC}") = "Unity.Burst.Editor", "Unity.Burst.Editor.csproj", "{6adc4113-561d-95e7-481a-3d463f0783ff}"
EndProject
Project("{FAE04EC0-301F-11D3-BF4B-00C04F79EFBC}") = "Unity.XR.Management.Editor", "Unity.XR.Management.Editor.csproj", "{74a037e3-d832-c45e-7468-33103cdad08a}"
EndProject
Project("{FAE04EC0-301F-11D3-BF4B-00C04F79EFBC}") = "Unity.VSCode.Editor", "Unity.VSCode.Editor.csproj", "{d7dad80a-2a2e-ba5d-0c78-2a0f420d539f}"
EndProject
Project("{FAE04EC0-301F-11D3-BF4B-00C04F79EFBC}") = "FranzCo.unityutilities.Editor", "FranzCo.unityutilities.Editor.csproj", "{c5594bd6-7d31-d6ac-1ff4-e49ecd15c467}"
EndProject
Project("{FAE04EC0-301F-11D3-BF4B-00C04F79EFBC}") = "Unity.2D.Sprite.Editor", "Unity.2D.Sprite.Editor.csproj", "{6668a792-4647-473d-33d2-62f37f7dffe7}"
EndProject
Project("{FAE04EC0-301F-11D3-BF4B-00C04F79EFBC}") = "UnityEditor.UI", "UnityEditor.UI.csproj", "{1f11dcc7-2371-0779-258d-cd9d338d4787}"
EndProject
Project("{FAE04EC0-301F-11D3-BF4B-00C04F79EFBC}") = "Unity.Settings.Editor", "Unity.Settings.Editor.csproj", "{4b7a6589-a0db-6634-6802-0613074e6464}"
EndProject
Project("{FAE04EC0-301F-11D3-BF4B-00C04F79EFBC}") = "UnityEditor.SpatialTracking", "UnityEditor.SpatialTracking.csproj", "{ba9cb37a-97d9-49e0-c4f2-157f5a4ba168}"
EndProject
Project("{FAE04EC0-301F-11D3-BF4B-00C04F79EFBC}") = "Assembly-CSharp-Editor", "Assembly-CSharp-Editor.csproj", "{a5b9f151-1e85-7ef4-4edb-99706057faea}"
EndProject
Project("{FAE04EC0-301F-11D3-BF4B-00C04F79EFBC}") = "PhotonUnityNetworking.Utilities.PhotonPlayer.Editor", "PhotonUnityNetworking.Utilities.PhotonPlayer.Editor.csproj", "{6dc7a04d-3089-642a-08dc-53980ef9f335}"
EndProject
Project("{FAE04EC0-301F-11D3-BF4B-00C04F79EFBC}") = "Pcx.Editor", "Pcx.Editor.csproj", "{5fda93e7-faa1-b94d-a503-323650b743c4}"
EndProject
Project("{FAE04EC0-301F-11D3-BF4B-00C04F79EFBC}") = "Unity.Mathematics.Editor", "Unity.Mathematics.Editor.csproj", "{63f1773b-78b7-919b-7e4d-a26fd459cc7d}"
EndProject
Project("{FAE04EC0-301F-11D3-BF4B-00C04F79EFBC}") = "UnityEditor.XR.LegacyInputHelpers", "UnityEditor.XR.LegacyInputHelpers.csproj", "{f19fedc0-dd87-403d-d996-971d51d9f188}"
EndProject
Project("{FAE04EC0-301F-11D3-BF4B-00C04F79EFBC}") = "PunDemos.DemoSlotcarEditor", "PunDemos.DemoSlotcarEditor.csproj", "{16c79727-3ade-0978-6abd-537aa35c4f58}"
EndProject
Project("{FAE04EC0-301F-11D3-BF4B-00C04F79EFBC}") = "Autodesk.Fbx.Editor", "Autodesk.Fbx.Editor.csproj", "{b8796208-a5d7-32fa-ee01-807062de6fad}"
EndProject
Project("{FAE04EC0-301F-11D3-BF4B-00C04F79EFBC}") = "PhotonUnityNetworking.Utilities.Culling.Editor", "PhotonUnityNetworking.Utilities.Culling.Editor.csproj", "{6422457e-f317-baeb-a8f1-f54f625b5786}"
EndProject
Project("{FAE04EC0-301F-11D3-BF4B-00C04F79EFBC}") = "Unity.XR.OpenXR.Features.RuntimeDebugger.Editor", "Unity.XR.OpenXR.Features.RuntimeDebugger.Editor.csproj", "{28248194-5ad4-827f-196b-b8658c154b52}"
EndProject
Project("{FAE04EC0-301F-11D3-BF4B-00C04F79EFBC}") = "PunDemos.DemoHubEditor", "PunDemos.DemoHubEditor.csproj", "{d89b06b6-082e-48f8-61bf-124fbb32c440}"
EndProject
Project("{FAE04EC0-301F-11D3-BF4B-00C04F79EFBC}") = "Assembly-CSharp-Editor-firstpass", "Assembly-CSharp-Editor-firstpass.csproj", "{0c08ddde-8ae1-2204-1063-1089e04fb3b1}"
EndProject
Project("{FAE04EC0-301F-11D3-BF4B-00C04F79EFBC}") = "Unity.ShaderGraph.Utilities", "Unity.ShaderGraph.Utilities.csproj", "{84a8622c-a725-2986-4b50-deedcae2826b}"
EndProject
Project("{FAE04EC0-301F-11D3-BF4B-00C04F79EFBC}") = "com.unity.quicksearch.runtime", "com.unity.quicksearch.runtime.csproj", "{9d5b7d62-3df4-207d-bac7-0224a15f0d31}"
EndProject
Project("{FAE04EC0-301F-11D3-BF4B-00C04F79EFBC}") = "Unity.XR.OpenXR.Features.OculusQuestSupport.Editor", "Unity.XR.OpenXR.Features.OculusQuestSupport.Editor.csproj", "{31a5a0a4-ba15-7d25-d69c-6c4541823473}"
EndProject
Global
	GlobalSection(SolutionConfigurationPlatforms) = preSolution
		Debug|Any CPU = Debug|Any CPU
		Release|Any CPU = Release|Any CPU
	EndGlobalSection
	GlobalSection(ProjectConfigurationPlatforms) = postSolution
		{c82bca3a-7678-253e-160b-6333c267cc4d}.Debug|Any CPU.ActiveCfg = Debug|Any CPU
		{c82bca3a-7678-253e-160b-6333c267cc4d}.Debug|Any CPU.Build.0 = Debug|Any CPU
		{c82bca3a-7678-253e-160b-6333c267cc4d}.Release|Any CPU.ActiveCfg = Release|Any CPU
		{c82bca3a-7678-253e-160b-6333c267cc4d}.Release|Any CPU.Build.0 = Release|Any CPU
		{063fa87b-9a0c-f4ed-1dc3-3eb722ce6b58}.Debug|Any CPU.ActiveCfg = Debug|Any CPU
		{063fa87b-9a0c-f4ed-1dc3-3eb722ce6b58}.Debug|Any CPU.Build.0 = Debug|Any CPU
		{063fa87b-9a0c-f4ed-1dc3-3eb722ce6b58}.Release|Any CPU.ActiveCfg = Release|Any CPU
		{063fa87b-9a0c-f4ed-1dc3-3eb722ce6b58}.Release|Any CPU.Build.0 = Release|Any CPU
		{44a0cf97-6216-3c1d-a818-450aa43af752}.Debug|Any CPU.ActiveCfg = Debug|Any CPU
		{44a0cf97-6216-3c1d-a818-450aa43af752}.Debug|Any CPU.Build.0 = Debug|Any CPU
		{44a0cf97-6216-3c1d-a818-450aa43af752}.Release|Any CPU.ActiveCfg = Release|Any CPU
		{44a0cf97-6216-3c1d-a818-450aa43af752}.Release|Any CPU.Build.0 = Release|Any CPU
		{c537bd8c-3b38-541d-9974-d36351941c3f}.Debug|Any CPU.ActiveCfg = Debug|Any CPU
		{c537bd8c-3b38-541d-9974-d36351941c3f}.Debug|Any CPU.Build.0 = Debug|Any CPU
		{c537bd8c-3b38-541d-9974-d36351941c3f}.Release|Any CPU.ActiveCfg = Release|Any CPU
		{c537bd8c-3b38-541d-9974-d36351941c3f}.Release|Any CPU.Build.0 = Release|Any CPU
		{950439dc-8378-5e09-e0c8-dac2c8476c34}.Debug|Any CPU.ActiveCfg = Debug|Any CPU
		{950439dc-8378-5e09-e0c8-dac2c8476c34}.Debug|Any CPU.Build.0 = Debug|Any CPU
		{950439dc-8378-5e09-e0c8-dac2c8476c34}.Release|Any CPU.ActiveCfg = Release|Any CPU
		{950439dc-8378-5e09-e0c8-dac2c8476c34}.Release|Any CPU.Build.0 = Release|Any CPU
		{09a4c859-d5af-0721-a34e-46a6495f7bba}.Debug|Any CPU.ActiveCfg = Debug|Any CPU
		{09a4c859-d5af-0721-a34e-46a6495f7bba}.Debug|Any CPU.Build.0 = Debug|Any CPU
		{09a4c859-d5af-0721-a34e-46a6495f7bba}.Release|Any CPU.ActiveCfg = Release|Any CPU
		{09a4c859-d5af-0721-a34e-46a6495f7bba}.Release|Any CPU.Build.0 = Release|Any CPU
		{bfccb04f-ceaf-f9bb-a505-2947edce4c07}.Debug|Any CPU.ActiveCfg = Debug|Any CPU
		{bfccb04f-ceaf-f9bb-a505-2947edce4c07}.Debug|Any CPU.Build.0 = Debug|Any CPU
		{bfccb04f-ceaf-f9bb-a505-2947edce4c07}.Release|Any CPU.ActiveCfg = Release|Any CPU
		{bfccb04f-ceaf-f9bb-a505-2947edce4c07}.Release|Any CPU.Build.0 = Release|Any CPU
		{c289065f-6916-9223-6d59-629875ada945}.Debug|Any CPU.ActiveCfg = Debug|Any CPU
		{c289065f-6916-9223-6d59-629875ada945}.Debug|Any CPU.Build.0 = Debug|Any CPU
		{c289065f-6916-9223-6d59-629875ada945}.Release|Any CPU.ActiveCfg = Release|Any CPU
		{c289065f-6916-9223-6d59-629875ada945}.Release|Any CPU.Build.0 = Release|Any CPU
		{2f273882-7d09-31d9-670b-82640e55dbc0}.Debug|Any CPU.ActiveCfg = Debug|Any CPU
		{2f273882-7d09-31d9-670b-82640e55dbc0}.Debug|Any CPU.Build.0 = Debug|Any CPU
		{2f273882-7d09-31d9-670b-82640e55dbc0}.Release|Any CPU.ActiveCfg = Release|Any CPU
		{2f273882-7d09-31d9-670b-82640e55dbc0}.Release|Any CPU.Build.0 = Release|Any CPU
		{74865e88-2797-ceb5-fce2-2ec58b36ef3c}.Debug|Any CPU.ActiveCfg = Debug|Any CPU
		{74865e88-2797-ceb5-fce2-2ec58b36ef3c}.Debug|Any CPU.Build.0 = Debug|Any CPU
		{74865e88-2797-ceb5-fce2-2ec58b36ef3c}.Release|Any CPU.ActiveCfg = Release|Any CPU
		{74865e88-2797-ceb5-fce2-2ec58b36ef3c}.Release|Any CPU.Build.0 = Release|Any CPU
		{10e18954-928a-3252-3257-ca4ba3da5772}.Debug|Any CPU.ActiveCfg = Debug|Any CPU
		{10e18954-928a-3252-3257-ca4ba3da5772}.Debug|Any CPU.Build.0 = Debug|Any CPU
		{10e18954-928a-3252-3257-ca4ba3da5772}.Release|Any CPU.ActiveCfg = Release|Any CPU
		{10e18954-928a-3252-3257-ca4ba3da5772}.Release|Any CPU.Build.0 = Release|Any CPU
		{7e9391f7-d3aa-1c2a-9d1d-2201bccabb07}.Debug|Any CPU.ActiveCfg = Debug|Any CPU
		{7e9391f7-d3aa-1c2a-9d1d-2201bccabb07}.Debug|Any CPU.Build.0 = Debug|Any CPU
		{7e9391f7-d3aa-1c2a-9d1d-2201bccabb07}.Release|Any CPU.ActiveCfg = Release|Any CPU
		{7e9391f7-d3aa-1c2a-9d1d-2201bccabb07}.Release|Any CPU.Build.0 = Release|Any CPU
		{33bb4dcb-c678-62c9-af10-8d1c4401581e}.Debug|Any CPU.ActiveCfg = Debug|Any CPU
		{33bb4dcb-c678-62c9-af10-8d1c4401581e}.Debug|Any CPU.Build.0 = Debug|Any CPU
		{33bb4dcb-c678-62c9-af10-8d1c4401581e}.Release|Any CPU.ActiveCfg = Release|Any CPU
		{33bb4dcb-c678-62c9-af10-8d1c4401581e}.Release|Any CPU.Build.0 = Release|Any CPU
		{5d57e9df-1e61-1a43-035b-ea4b81012b49}.Debug|Any CPU.ActiveCfg = Debug|Any CPU
		{5d57e9df-1e61-1a43-035b-ea4b81012b49}.Debug|Any CPU.Build.0 = Debug|Any CPU
		{5d57e9df-1e61-1a43-035b-ea4b81012b49}.Release|Any CPU.ActiveCfg = Release|Any CPU
		{5d57e9df-1e61-1a43-035b-ea4b81012b49}.Release|Any CPU.Build.0 = Release|Any CPU
		{cf93b30b-31f8-9c89-01ac-2475b1d6d0cc}.Debug|Any CPU.ActiveCfg = Debug|Any CPU
		{cf93b30b-31f8-9c89-01ac-2475b1d6d0cc}.Debug|Any CPU.Build.0 = Debug|Any CPU
		{cf93b30b-31f8-9c89-01ac-2475b1d6d0cc}.Release|Any CPU.ActiveCfg = Release|Any CPU
		{cf93b30b-31f8-9c89-01ac-2475b1d6d0cc}.Release|Any CPU.Build.0 = Release|Any CPU
		{1f642ffd-6ad8-3471-0c95-74181fd2c5de}.Debug|Any CPU.ActiveCfg = Debug|Any CPU
		{1f642ffd-6ad8-3471-0c95-74181fd2c5de}.Debug|Any CPU.Build.0 = Debug|Any CPU
		{1f642ffd-6ad8-3471-0c95-74181fd2c5de}.Release|Any CPU.ActiveCfg = Release|Any CPU
		{1f642ffd-6ad8-3471-0c95-74181fd2c5de}.Release|Any CPU.Build.0 = Release|Any CPU
		{a073b2c2-0ec4-18dc-d3b7-66b797e24278}.Debug|Any CPU.ActiveCfg = Debug|Any CPU
		{a073b2c2-0ec4-18dc-d3b7-66b797e24278}.Debug|Any CPU.Build.0 = Debug|Any CPU
		{a073b2c2-0ec4-18dc-d3b7-66b797e24278}.Release|Any CPU.ActiveCfg = Release|Any CPU
		{a073b2c2-0ec4-18dc-d3b7-66b797e24278}.Release|Any CPU.Build.0 = Release|Any CPU
		{fa0ffc8c-2e97-4c45-1ec2-e27ae2b66b5b}.Debug|Any CPU.ActiveCfg = Debug|Any CPU
		{fa0ffc8c-2e97-4c45-1ec2-e27ae2b66b5b}.Debug|Any CPU.Build.0 = Debug|Any CPU
		{fa0ffc8c-2e97-4c45-1ec2-e27ae2b66b5b}.Release|Any CPU.ActiveCfg = Release|Any CPU
		{fa0ffc8c-2e97-4c45-1ec2-e27ae2b66b5b}.Release|Any CPU.Build.0 = Release|Any CPU
		{31b0e0cd-7c92-edbc-3eb5-9b96ddc23ef4}.Debug|Any CPU.ActiveCfg = Debug|Any CPU
		{31b0e0cd-7c92-edbc-3eb5-9b96ddc23ef4}.Debug|Any CPU.Build.0 = Debug|Any CPU
		{31b0e0cd-7c92-edbc-3eb5-9b96ddc23ef4}.Release|Any CPU.ActiveCfg = Release|Any CPU
		{31b0e0cd-7c92-edbc-3eb5-9b96ddc23ef4}.Release|Any CPU.Build.0 = Release|Any CPU
		{ac2ff5ad-20ec-2cc8-eb24-fbb82b7956b4}.Debug|Any CPU.ActiveCfg = Debug|Any CPU
		{ac2ff5ad-20ec-2cc8-eb24-fbb82b7956b4}.Debug|Any CPU.Build.0 = Debug|Any CPU
		{ac2ff5ad-20ec-2cc8-eb24-fbb82b7956b4}.Release|Any CPU.ActiveCfg = Release|Any CPU
		{ac2ff5ad-20ec-2cc8-eb24-fbb82b7956b4}.Release|Any CPU.Build.0 = Release|Any CPU
		{028510d0-e058-1f31-18fc-034292e05075}.Debug|Any CPU.ActiveCfg = Debug|Any CPU
		{028510d0-e058-1f31-18fc-034292e05075}.Debug|Any CPU.Build.0 = Debug|Any CPU
		{028510d0-e058-1f31-18fc-034292e05075}.Release|Any CPU.ActiveCfg = Release|Any CPU
		{028510d0-e058-1f31-18fc-034292e05075}.Release|Any CPU.Build.0 = Release|Any CPU
		{44d2240c-a346-0db3-1e1a-6d00afb9bdcf}.Debug|Any CPU.ActiveCfg = Debug|Any CPU
		{44d2240c-a346-0db3-1e1a-6d00afb9bdcf}.Debug|Any CPU.Build.0 = Debug|Any CPU
		{44d2240c-a346-0db3-1e1a-6d00afb9bdcf}.Release|Any CPU.ActiveCfg = Release|Any CPU
		{44d2240c-a346-0db3-1e1a-6d00afb9bdcf}.Release|Any CPU.Build.0 = Release|Any CPU
		{fea437d2-2626-d5e5-56cf-cde09bf05c23}.Debug|Any CPU.ActiveCfg = Debug|Any CPU
		{fea437d2-2626-d5e5-56cf-cde09bf05c23}.Debug|Any CPU.Build.0 = Debug|Any CPU
		{fea437d2-2626-d5e5-56cf-cde09bf05c23}.Release|Any CPU.ActiveCfg = Release|Any CPU
		{fea437d2-2626-d5e5-56cf-cde09bf05c23}.Release|Any CPU.Build.0 = Release|Any CPU
		{846d8d3f-07a4-3d02-a966-e5293c36d6d2}.Debug|Any CPU.ActiveCfg = Debug|Any CPU
		{846d8d3f-07a4-3d02-a966-e5293c36d6d2}.Debug|Any CPU.Build.0 = Debug|Any CPU
		{846d8d3f-07a4-3d02-a966-e5293c36d6d2}.Release|Any CPU.ActiveCfg = Release|Any CPU
		{846d8d3f-07a4-3d02-a966-e5293c36d6d2}.Release|Any CPU.Build.0 = Release|Any CPU
		{ddd7f5f8-7daa-27f7-b918-7b351b735d9b}.Debug|Any CPU.ActiveCfg = Debug|Any CPU
		{ddd7f5f8-7daa-27f7-b918-7b351b735d9b}.Debug|Any CPU.Build.0 = Debug|Any CPU
		{ddd7f5f8-7daa-27f7-b918-7b351b735d9b}.Release|Any CPU.ActiveCfg = Release|Any CPU
		{ddd7f5f8-7daa-27f7-b918-7b351b735d9b}.Release|Any CPU.Build.0 = Release|Any CPU
		{26800ecf-2abc-fd48-a10e-70fa682c8fd9}.Debug|Any CPU.ActiveCfg = Debug|Any CPU
		{26800ecf-2abc-fd48-a10e-70fa682c8fd9}.Debug|Any CPU.Build.0 = Debug|Any CPU
		{26800ecf-2abc-fd48-a10e-70fa682c8fd9}.Release|Any CPU.ActiveCfg = Release|Any CPU
		{26800ecf-2abc-fd48-a10e-70fa682c8fd9}.Release|Any CPU.Build.0 = Release|Any CPU
		{67036a32-106b-f149-d016-e9c61f142519}.Debug|Any CPU.ActiveCfg = Debug|Any CPU
		{67036a32-106b-f149-d016-e9c61f142519}.Debug|Any CPU.Build.0 = Debug|Any CPU
		{67036a32-106b-f149-d016-e9c61f142519}.Release|Any CPU.ActiveCfg = Release|Any CPU
		{67036a32-106b-f149-d016-e9c61f142519}.Release|Any CPU.Build.0 = Release|Any CPU
		{eed9121a-36e3-a446-779b-85b42bfd013f}.Debug|Any CPU.ActiveCfg = Debug|Any CPU
		{eed9121a-36e3-a446-779b-85b42bfd013f}.Debug|Any CPU.Build.0 = Debug|Any CPU
		{eed9121a-36e3-a446-779b-85b42bfd013f}.Release|Any CPU.ActiveCfg = Release|Any CPU
		{eed9121a-36e3-a446-779b-85b42bfd013f}.Release|Any CPU.Build.0 = Release|Any CPU
		{2dd7a171-d47b-30a7-17b4-f18564f2db28}.Debug|Any CPU.ActiveCfg = Debug|Any CPU
		{2dd7a171-d47b-30a7-17b4-f18564f2db28}.Debug|Any CPU.Build.0 = Debug|Any CPU
		{2dd7a171-d47b-30a7-17b4-f18564f2db28}.Release|Any CPU.ActiveCfg = Release|Any CPU
		{2dd7a171-d47b-30a7-17b4-f18564f2db28}.Release|Any CPU.Build.0 = Release|Any CPU
		{a55452c7-1a19-61c5-1f06-065c0a0f7276}.Debug|Any CPU.ActiveCfg = Debug|Any CPU
		{a55452c7-1a19-61c5-1f06-065c0a0f7276}.Debug|Any CPU.Build.0 = Debug|Any CPU
		{a55452c7-1a19-61c5-1f06-065c0a0f7276}.Release|Any CPU.ActiveCfg = Release|Any CPU
		{a55452c7-1a19-61c5-1f06-065c0a0f7276}.Release|Any CPU.Build.0 = Release|Any CPU
		{e6cf0009-54e6-7e0f-3021-fedd5ffb4ec7}.Debug|Any CPU.ActiveCfg = Debug|Any CPU
		{e6cf0009-54e6-7e0f-3021-fedd5ffb4ec7}.Debug|Any CPU.Build.0 = Debug|Any CPU
		{e6cf0009-54e6-7e0f-3021-fedd5ffb4ec7}.Release|Any CPU.ActiveCfg = Release|Any CPU
		{e6cf0009-54e6-7e0f-3021-fedd5ffb4ec7}.Release|Any CPU.Build.0 = Release|Any CPU
		{586a87b0-7b17-3be9-ab2f-54d2ab779a2e}.Debug|Any CPU.ActiveCfg = Debug|Any CPU
		{586a87b0-7b17-3be9-ab2f-54d2ab779a2e}.Debug|Any CPU.Build.0 = Debug|Any CPU
		{586a87b0-7b17-3be9-ab2f-54d2ab779a2e}.Release|Any CPU.ActiveCfg = Release|Any CPU
		{586a87b0-7b17-3be9-ab2f-54d2ab779a2e}.Release|Any CPU.Build.0 = Release|Any CPU
		{6bbab12e-d47c-a946-ca67-013f425a59c5}.Debug|Any CPU.ActiveCfg = Debug|Any CPU
		{6bbab12e-d47c-a946-ca67-013f425a59c5}.Debug|Any CPU.Build.0 = Debug|Any CPU
		{6bbab12e-d47c-a946-ca67-013f425a59c5}.Release|Any CPU.ActiveCfg = Release|Any CPU
		{6bbab12e-d47c-a946-ca67-013f425a59c5}.Release|Any CPU.Build.0 = Release|Any CPU
		{e71fc476-401b-73ca-87a9-4ccf82a1855f}.Debug|Any CPU.ActiveCfg = Debug|Any CPU
		{e71fc476-401b-73ca-87a9-4ccf82a1855f}.Debug|Any CPU.Build.0 = Debug|Any CPU
		{e71fc476-401b-73ca-87a9-4ccf82a1855f}.Release|Any CPU.ActiveCfg = Release|Any CPU
		{e71fc476-401b-73ca-87a9-4ccf82a1855f}.Release|Any CPU.Build.0 = Release|Any CPU
		{51251f60-8dd5-a1bd-d000-ffdd327b8185}.Debug|Any CPU.ActiveCfg = Debug|Any CPU
		{51251f60-8dd5-a1bd-d000-ffdd327b8185}.Debug|Any CPU.Build.0 = Debug|Any CPU
		{51251f60-8dd5-a1bd-d000-ffdd327b8185}.Release|Any CPU.ActiveCfg = Release|Any CPU
		{51251f60-8dd5-a1bd-d000-ffdd327b8185}.Release|Any CPU.Build.0 = Release|Any CPU
		{4d520666-ef15-8e52-7e5e-aa2164ea4cf2}.Debug|Any CPU.ActiveCfg = Debug|Any CPU
		{4d520666-ef15-8e52-7e5e-aa2164ea4cf2}.Debug|Any CPU.Build.0 = Debug|Any CPU
		{4d520666-ef15-8e52-7e5e-aa2164ea4cf2}.Release|Any CPU.ActiveCfg = Release|Any CPU
		{4d520666-ef15-8e52-7e5e-aa2164ea4cf2}.Release|Any CPU.Build.0 = Release|Any CPU
		{13d1a138-1371-bd74-246c-911f29b08bad}.Debug|Any CPU.ActiveCfg = Debug|Any CPU
		{13d1a138-1371-bd74-246c-911f29b08bad}.Debug|Any CPU.Build.0 = Debug|Any CPU
		{13d1a138-1371-bd74-246c-911f29b08bad}.Release|Any CPU.ActiveCfg = Release|Any CPU
		{13d1a138-1371-bd74-246c-911f29b08bad}.Release|Any CPU.Build.0 = Release|Any CPU
		{197ff217-bd20-43c1-6426-2c9320f31743}.Debug|Any CPU.ActiveCfg = Debug|Any CPU
		{197ff217-bd20-43c1-6426-2c9320f31743}.Debug|Any CPU.Build.0 = Debug|Any CPU
		{197ff217-bd20-43c1-6426-2c9320f31743}.Release|Any CPU.ActiveCfg = Release|Any CPU
		{197ff217-bd20-43c1-6426-2c9320f31743}.Release|Any CPU.Build.0 = Release|Any CPU
		{862c60fe-1faf-df6b-edc1-01955c6d5329}.Debug|Any CPU.ActiveCfg = Debug|Any CPU
		{862c60fe-1faf-df6b-edc1-01955c6d5329}.Debug|Any CPU.Build.0 = Debug|Any CPU
		{862c60fe-1faf-df6b-edc1-01955c6d5329}.Release|Any CPU.ActiveCfg = Release|Any CPU
		{862c60fe-1faf-df6b-edc1-01955c6d5329}.Release|Any CPU.Build.0 = Release|Any CPU
		{51b425a6-d2d0-b340-9ea7-3d82d4288345}.Debug|Any CPU.ActiveCfg = Debug|Any CPU
		{51b425a6-d2d0-b340-9ea7-3d82d4288345}.Debug|Any CPU.Build.0 = Debug|Any CPU
		{51b425a6-d2d0-b340-9ea7-3d82d4288345}.Release|Any CPU.ActiveCfg = Release|Any CPU
		{51b425a6-d2d0-b340-9ea7-3d82d4288345}.Release|Any CPU.Build.0 = Release|Any CPU
		{fbabf9cb-3fda-7612-bac2-d479b5b9a9bf}.Debug|Any CPU.ActiveCfg = Debug|Any CPU
		{fbabf9cb-3fda-7612-bac2-d479b5b9a9bf}.Debug|Any CPU.Build.0 = Debug|Any CPU
		{fbabf9cb-3fda-7612-bac2-d479b5b9a9bf}.Release|Any CPU.ActiveCfg = Release|Any CPU
		{fbabf9cb-3fda-7612-bac2-d479b5b9a9bf}.Release|Any CPU.Build.0 = Release|Any CPU
		{5a725e49-dcbb-ea9c-50e4-97c43f445d3d}.Debug|Any CPU.ActiveCfg = Debug|Any CPU
		{5a725e49-dcbb-ea9c-50e4-97c43f445d3d}.Debug|Any CPU.Build.0 = Debug|Any CPU
		{5a725e49-dcbb-ea9c-50e4-97c43f445d3d}.Release|Any CPU.ActiveCfg = Release|Any CPU
		{5a725e49-dcbb-ea9c-50e4-97c43f445d3d}.Release|Any CPU.Build.0 = Release|Any CPU
		{c0575478-1b25-861d-8a85-7d8ffe4e3dce}.Debug|Any CPU.ActiveCfg = Debug|Any CPU
		{c0575478-1b25-861d-8a85-7d8ffe4e3dce}.Debug|Any CPU.Build.0 = Debug|Any CPU
		{c0575478-1b25-861d-8a85-7d8ffe4e3dce}.Release|Any CPU.ActiveCfg = Release|Any CPU
		{c0575478-1b25-861d-8a85-7d8ffe4e3dce}.Release|Any CPU.Build.0 = Release|Any CPU
		{bfd9c44a-5ead-5054-1a55-c22e7099c591}.Debug|Any CPU.ActiveCfg = Debug|Any CPU
		{bfd9c44a-5ead-5054-1a55-c22e7099c591}.Debug|Any CPU.Build.0 = Debug|Any CPU
		{bfd9c44a-5ead-5054-1a55-c22e7099c591}.Release|Any CPU.ActiveCfg = Release|Any CPU
		{bfd9c44a-5ead-5054-1a55-c22e7099c591}.Release|Any CPU.Build.0 = Release|Any CPU
		{8f5e43b0-a923-e412-027e-dfe936b6bfce}.Debug|Any CPU.ActiveCfg = Debug|Any CPU
		{8f5e43b0-a923-e412-027e-dfe936b6bfce}.Debug|Any CPU.Build.0 = Debug|Any CPU
		{8f5e43b0-a923-e412-027e-dfe936b6bfce}.Release|Any CPU.ActiveCfg = Release|Any CPU
		{8f5e43b0-a923-e412-027e-dfe936b6bfce}.Release|Any CPU.Build.0 = Release|Any CPU
		{03358220-ca0d-e804-e964-5c2844a8855d}.Debug|Any CPU.ActiveCfg = Debug|Any CPU
		{03358220-ca0d-e804-e964-5c2844a8855d}.Debug|Any CPU.Build.0 = Debug|Any CPU
		{03358220-ca0d-e804-e964-5c2844a8855d}.Release|Any CPU.ActiveCfg = Release|Any CPU
		{03358220-ca0d-e804-e964-5c2844a8855d}.Release|Any CPU.Build.0 = Release|Any CPU
		{f6ca9721-000f-3d6b-343c-a9a2a7e030e9}.Debug|Any CPU.ActiveCfg = Debug|Any CPU
		{f6ca9721-000f-3d6b-343c-a9a2a7e030e9}.Debug|Any CPU.Build.0 = Debug|Any CPU
		{f6ca9721-000f-3d6b-343c-a9a2a7e030e9}.Release|Any CPU.ActiveCfg = Release|Any CPU
		{f6ca9721-000f-3d6b-343c-a9a2a7e030e9}.Release|Any CPU.Build.0 = Release|Any CPU
		{705623ac-220d-a439-9187-14892b498caa}.Debug|Any CPU.ActiveCfg = Debug|Any CPU
		{705623ac-220d-a439-9187-14892b498caa}.Debug|Any CPU.Build.0 = Debug|Any CPU
		{705623ac-220d-a439-9187-14892b498caa}.Release|Any CPU.ActiveCfg = Release|Any CPU
		{705623ac-220d-a439-9187-14892b498caa}.Release|Any CPU.Build.0 = Release|Any CPU
		{e0cd3812-8e15-6171-a942-76dc7484f640}.Debug|Any CPU.ActiveCfg = Debug|Any CPU
		{e0cd3812-8e15-6171-a942-76dc7484f640}.Debug|Any CPU.Build.0 = Debug|Any CPU
		{e0cd3812-8e15-6171-a942-76dc7484f640}.Release|Any CPU.ActiveCfg = Release|Any CPU
		{e0cd3812-8e15-6171-a942-76dc7484f640}.Release|Any CPU.Build.0 = Release|Any CPU
		{7df2253b-0506-5489-391c-e6e415b0be0e}.Debug|Any CPU.ActiveCfg = Debug|Any CPU
		{7df2253b-0506-5489-391c-e6e415b0be0e}.Debug|Any CPU.Build.0 = Debug|Any CPU
		{7df2253b-0506-5489-391c-e6e415b0be0e}.Release|Any CPU.ActiveCfg = Release|Any CPU
		{7df2253b-0506-5489-391c-e6e415b0be0e}.Release|Any CPU.Build.0 = Release|Any CPU
		{829de81f-bcf5-6021-9aa9-7a20f8c70c28}.Debug|Any CPU.ActiveCfg = Debug|Any CPU
		{829de81f-bcf5-6021-9aa9-7a20f8c70c28}.Debug|Any CPU.Build.0 = Debug|Any CPU
		{829de81f-bcf5-6021-9aa9-7a20f8c70c28}.Release|Any CPU.ActiveCfg = Release|Any CPU
		{829de81f-bcf5-6021-9aa9-7a20f8c70c28}.Release|Any CPU.Build.0 = Release|Any CPU
		{626c4f00-434a-67f7-36f3-1c12717a8f6e}.Debug|Any CPU.ActiveCfg = Debug|Any CPU
		{626c4f00-434a-67f7-36f3-1c12717a8f6e}.Debug|Any CPU.Build.0 = Debug|Any CPU
		{626c4f00-434a-67f7-36f3-1c12717a8f6e}.Release|Any CPU.ActiveCfg = Release|Any CPU
		{626c4f00-434a-67f7-36f3-1c12717a8f6e}.Release|Any CPU.Build.0 = Release|Any CPU
		{da594d5f-29fd-5a51-2d4e-eb213d9e4190}.Debug|Any CPU.ActiveCfg = Debug|Any CPU
		{da594d5f-29fd-5a51-2d4e-eb213d9e4190}.Debug|Any CPU.Build.0 = Debug|Any CPU
		{da594d5f-29fd-5a51-2d4e-eb213d9e4190}.Release|Any CPU.ActiveCfg = Release|Any CPU
		{da594d5f-29fd-5a51-2d4e-eb213d9e4190}.Release|Any CPU.Build.0 = Release|Any CPU
		{67910ffc-6003-4a21-9c56-193a4d88289f}.Debug|Any CPU.ActiveCfg = Debug|Any CPU
		{67910ffc-6003-4a21-9c56-193a4d88289f}.Debug|Any CPU.Build.0 = Debug|Any CPU
		{67910ffc-6003-4a21-9c56-193a4d88289f}.Release|Any CPU.ActiveCfg = Release|Any CPU
		{67910ffc-6003-4a21-9c56-193a4d88289f}.Release|Any CPU.Build.0 = Release|Any CPU
		{14c1db1f-7035-901d-d3b7-42a0826aef93}.Debug|Any CPU.ActiveCfg = Debug|Any CPU
		{14c1db1f-7035-901d-d3b7-42a0826aef93}.Debug|Any CPU.Build.0 = Debug|Any CPU
		{14c1db1f-7035-901d-d3b7-42a0826aef93}.Release|Any CPU.ActiveCfg = Release|Any CPU
		{14c1db1f-7035-901d-d3b7-42a0826aef93}.Release|Any CPU.Build.0 = Release|Any CPU
		{077beedc-7f92-90f6-16f6-5eb07ba00fe5}.Debug|Any CPU.ActiveCfg = Debug|Any CPU
		{077beedc-7f92-90f6-16f6-5eb07ba00fe5}.Debug|Any CPU.Build.0 = Debug|Any CPU
		{077beedc-7f92-90f6-16f6-5eb07ba00fe5}.Release|Any CPU.ActiveCfg = Release|Any CPU
		{077beedc-7f92-90f6-16f6-5eb07ba00fe5}.Release|Any CPU.Build.0 = Release|Any CPU
		{60abd5fc-1ec6-f023-34ce-86cd8a115cbf}.Debug|Any CPU.ActiveCfg = Debug|Any CPU
		{60abd5fc-1ec6-f023-34ce-86cd8a115cbf}.Debug|Any CPU.Build.0 = Debug|Any CPU
		{60abd5fc-1ec6-f023-34ce-86cd8a115cbf}.Release|Any CPU.ActiveCfg = Release|Any CPU
		{60abd5fc-1ec6-f023-34ce-86cd8a115cbf}.Release|Any CPU.Build.0 = Release|Any CPU
		{1c7a2291-3d61-13d2-b2a9-f630f431c631}.Debug|Any CPU.ActiveCfg = Debug|Any CPU
		{1c7a2291-3d61-13d2-b2a9-f630f431c631}.Debug|Any CPU.Build.0 = Debug|Any CPU
		{1c7a2291-3d61-13d2-b2a9-f630f431c631}.Release|Any CPU.ActiveCfg = Release|Any CPU
		{1c7a2291-3d61-13d2-b2a9-f630f431c631}.Release|Any CPU.Build.0 = Release|Any CPU
		{3f2056d4-3658-7548-1b6e-dd60926912d4}.Debug|Any CPU.ActiveCfg = Debug|Any CPU
		{3f2056d4-3658-7548-1b6e-dd60926912d4}.Debug|Any CPU.Build.0 = Debug|Any CPU
		{3f2056d4-3658-7548-1b6e-dd60926912d4}.Release|Any CPU.ActiveCfg = Release|Any CPU
		{3f2056d4-3658-7548-1b6e-dd60926912d4}.Release|Any CPU.Build.0 = Release|Any CPU
		{8608a7a8-ece3-c109-4f05-c622cf1cfcd5}.Debug|Any CPU.ActiveCfg = Debug|Any CPU
		{8608a7a8-ece3-c109-4f05-c622cf1cfcd5}.Debug|Any CPU.Build.0 = Debug|Any CPU
		{8608a7a8-ece3-c109-4f05-c622cf1cfcd5}.Release|Any CPU.ActiveCfg = Release|Any CPU
		{8608a7a8-ece3-c109-4f05-c622cf1cfcd5}.Release|Any CPU.Build.0 = Release|Any CPU
		{b3f41c20-67a6-4a91-2014-aa79676c8421}.Debug|Any CPU.ActiveCfg = Debug|Any CPU
		{b3f41c20-67a6-4a91-2014-aa79676c8421}.Debug|Any CPU.Build.0 = Debug|Any CPU
		{b3f41c20-67a6-4a91-2014-aa79676c8421}.Release|Any CPU.ActiveCfg = Release|Any CPU
		{b3f41c20-67a6-4a91-2014-aa79676c8421}.Release|Any CPU.Build.0 = Release|Any CPU
		{59fe2055-9d7f-eedf-5e76-e5547e5c2749}.Debug|Any CPU.ActiveCfg = Debug|Any CPU
		{59fe2055-9d7f-eedf-5e76-e5547e5c2749}.Debug|Any CPU.Build.0 = Debug|Any CPU
		{59fe2055-9d7f-eedf-5e76-e5547e5c2749}.Release|Any CPU.ActiveCfg = Release|Any CPU
		{59fe2055-9d7f-eedf-5e76-e5547e5c2749}.Release|Any CPU.Build.0 = Release|Any CPU
		{db01d0f6-8204-0327-f31b-b5193b3cad8d}.Debug|Any CPU.ActiveCfg = Debug|Any CPU
		{db01d0f6-8204-0327-f31b-b5193b3cad8d}.Debug|Any CPU.Build.0 = Debug|Any CPU
		{db01d0f6-8204-0327-f31b-b5193b3cad8d}.Release|Any CPU.ActiveCfg = Release|Any CPU
		{db01d0f6-8204-0327-f31b-b5193b3cad8d}.Release|Any CPU.Build.0 = Release|Any CPU
		{10669bf8-72ec-20a0-3fb6-8fb3fe8eb779}.Debug|Any CPU.ActiveCfg = Debug|Any CPU
		{10669bf8-72ec-20a0-3fb6-8fb3fe8eb779}.Debug|Any CPU.Build.0 = Debug|Any CPU
		{10669bf8-72ec-20a0-3fb6-8fb3fe8eb779}.Release|Any CPU.ActiveCfg = Release|Any CPU
		{10669bf8-72ec-20a0-3fb6-8fb3fe8eb779}.Release|Any CPU.Build.0 = Release|Any CPU
		{2902717c-b724-7291-3447-9f26dfdd8262}.Debug|Any CPU.ActiveCfg = Debug|Any CPU
		{2902717c-b724-7291-3447-9f26dfdd8262}.Debug|Any CPU.Build.0 = Debug|Any CPU
		{2902717c-b724-7291-3447-9f26dfdd8262}.Release|Any CPU.ActiveCfg = Release|Any CPU
		{2902717c-b724-7291-3447-9f26dfdd8262}.Release|Any CPU.Build.0 = Release|Any CPU
		{c533f4bb-07e5-ad8f-2768-22c5ae70a466}.Debug|Any CPU.ActiveCfg = Debug|Any CPU
		{c533f4bb-07e5-ad8f-2768-22c5ae70a466}.Debug|Any CPU.Build.0 = Debug|Any CPU
		{c533f4bb-07e5-ad8f-2768-22c5ae70a466}.Release|Any CPU.ActiveCfg = Release|Any CPU
		{c533f4bb-07e5-ad8f-2768-22c5ae70a466}.Release|Any CPU.Build.0 = Release|Any CPU
		{e8fa3af4-da5a-d6f9-cade-5fb5c8ff8a21}.Debug|Any CPU.ActiveCfg = Debug|Any CPU
		{e8fa3af4-da5a-d6f9-cade-5fb5c8ff8a21}.Debug|Any CPU.Build.0 = Debug|Any CPU
		{e8fa3af4-da5a-d6f9-cade-5fb5c8ff8a21}.Release|Any CPU.ActiveCfg = Release|Any CPU
		{e8fa3af4-da5a-d6f9-cade-5fb5c8ff8a21}.Release|Any CPU.Build.0 = Release|Any CPU
		{6adc4113-561d-95e7-481a-3d463f0783ff}.Debug|Any CPU.ActiveCfg = Debug|Any CPU
		{6adc4113-561d-95e7-481a-3d463f0783ff}.Debug|Any CPU.Build.0 = Debug|Any CPU
		{6adc4113-561d-95e7-481a-3d463f0783ff}.Release|Any CPU.ActiveCfg = Release|Any CPU
		{6adc4113-561d-95e7-481a-3d463f0783ff}.Release|Any CPU.Build.0 = Release|Any CPU
		{74a037e3-d832-c45e-7468-33103cdad08a}.Debug|Any CPU.ActiveCfg = Debug|Any CPU
		{74a037e3-d832-c45e-7468-33103cdad08a}.Debug|Any CPU.Build.0 = Debug|Any CPU
		{74a037e3-d832-c45e-7468-33103cdad08a}.Release|Any CPU.ActiveCfg = Release|Any CPU
		{74a037e3-d832-c45e-7468-33103cdad08a}.Release|Any CPU.Build.0 = Release|Any CPU
		{d7dad80a-2a2e-ba5d-0c78-2a0f420d539f}.Debug|Any CPU.ActiveCfg = Debug|Any CPU
		{d7dad80a-2a2e-ba5d-0c78-2a0f420d539f}.Debug|Any CPU.Build.0 = Debug|Any CPU
		{d7dad80a-2a2e-ba5d-0c78-2a0f420d539f}.Release|Any CPU.ActiveCfg = Release|Any CPU
		{d7dad80a-2a2e-ba5d-0c78-2a0f420d539f}.Release|Any CPU.Build.0 = Release|Any CPU
		{c5594bd6-7d31-d6ac-1ff4-e49ecd15c467}.Debug|Any CPU.ActiveCfg = Debug|Any CPU
		{c5594bd6-7d31-d6ac-1ff4-e49ecd15c467}.Debug|Any CPU.Build.0 = Debug|Any CPU
		{c5594bd6-7d31-d6ac-1ff4-e49ecd15c467}.Release|Any CPU.ActiveCfg = Release|Any CPU
		{c5594bd6-7d31-d6ac-1ff4-e49ecd15c467}.Release|Any CPU.Build.0 = Release|Any CPU
		{6668a792-4647-473d-33d2-62f37f7dffe7}.Debug|Any CPU.ActiveCfg = Debug|Any CPU
		{6668a792-4647-473d-33d2-62f37f7dffe7}.Debug|Any CPU.Build.0 = Debug|Any CPU
		{6668a792-4647-473d-33d2-62f37f7dffe7}.Release|Any CPU.ActiveCfg = Release|Any CPU
		{6668a792-4647-473d-33d2-62f37f7dffe7}.Release|Any CPU.Build.0 = Release|Any CPU
		{1f11dcc7-2371-0779-258d-cd9d338d4787}.Debug|Any CPU.ActiveCfg = Debug|Any CPU
		{1f11dcc7-2371-0779-258d-cd9d338d4787}.Debug|Any CPU.Build.0 = Debug|Any CPU
		{1f11dcc7-2371-0779-258d-cd9d338d4787}.Release|Any CPU.ActiveCfg = Release|Any CPU
		{1f11dcc7-2371-0779-258d-cd9d338d4787}.Release|Any CPU.Build.0 = Release|Any CPU
		{4b7a6589-a0db-6634-6802-0613074e6464}.Debug|Any CPU.ActiveCfg = Debug|Any CPU
		{4b7a6589-a0db-6634-6802-0613074e6464}.Debug|Any CPU.Build.0 = Debug|Any CPU
		{4b7a6589-a0db-6634-6802-0613074e6464}.Release|Any CPU.ActiveCfg = Release|Any CPU
		{4b7a6589-a0db-6634-6802-0613074e6464}.Release|Any CPU.Build.0 = Release|Any CPU
		{ba9cb37a-97d9-49e0-c4f2-157f5a4ba168}.Debug|Any CPU.ActiveCfg = Debug|Any CPU
		{ba9cb37a-97d9-49e0-c4f2-157f5a4ba168}.Debug|Any CPU.Build.0 = Debug|Any CPU
		{ba9cb37a-97d9-49e0-c4f2-157f5a4ba168}.Release|Any CPU.ActiveCfg = Release|Any CPU
		{ba9cb37a-97d9-49e0-c4f2-157f5a4ba168}.Release|Any CPU.Build.0 = Release|Any CPU
		{a5b9f151-1e85-7ef4-4edb-99706057faea}.Debug|Any CPU.ActiveCfg = Debug|Any CPU
		{a5b9f151-1e85-7ef4-4edb-99706057faea}.Debug|Any CPU.Build.0 = Debug|Any CPU
		{a5b9f151-1e85-7ef4-4edb-99706057faea}.Release|Any CPU.ActiveCfg = Release|Any CPU
		{a5b9f151-1e85-7ef4-4edb-99706057faea}.Release|Any CPU.Build.0 = Release|Any CPU
		{6dc7a04d-3089-642a-08dc-53980ef9f335}.Debug|Any CPU.ActiveCfg = Debug|Any CPU
		{6dc7a04d-3089-642a-08dc-53980ef9f335}.Debug|Any CPU.Build.0 = Debug|Any CPU
		{6dc7a04d-3089-642a-08dc-53980ef9f335}.Release|Any CPU.ActiveCfg = Release|Any CPU
		{6dc7a04d-3089-642a-08dc-53980ef9f335}.Release|Any CPU.Build.0 = Release|Any CPU
		{5fda93e7-faa1-b94d-a503-323650b743c4}.Debug|Any CPU.ActiveCfg = Debug|Any CPU
		{5fda93e7-faa1-b94d-a503-323650b743c4}.Debug|Any CPU.Build.0 = Debug|Any CPU
		{5fda93e7-faa1-b94d-a503-323650b743c4}.Release|Any CPU.ActiveCfg = Release|Any CPU
		{5fda93e7-faa1-b94d-a503-323650b743c4}.Release|Any CPU.Build.0 = Release|Any CPU
		{63f1773b-78b7-919b-7e4d-a26fd459cc7d}.Debug|Any CPU.ActiveCfg = Debug|Any CPU
		{63f1773b-78b7-919b-7e4d-a26fd459cc7d}.Debug|Any CPU.Build.0 = Debug|Any CPU
		{63f1773b-78b7-919b-7e4d-a26fd459cc7d}.Release|Any CPU.ActiveCfg = Release|Any CPU
		{63f1773b-78b7-919b-7e4d-a26fd459cc7d}.Release|Any CPU.Build.0 = Release|Any CPU
		{f19fedc0-dd87-403d-d996-971d51d9f188}.Debug|Any CPU.ActiveCfg = Debug|Any CPU
		{f19fedc0-dd87-403d-d996-971d51d9f188}.Debug|Any CPU.Build.0 = Debug|Any CPU
		{f19fedc0-dd87-403d-d996-971d51d9f188}.Release|Any CPU.ActiveCfg = Release|Any CPU
		{f19fedc0-dd87-403d-d996-971d51d9f188}.Release|Any CPU.Build.0 = Release|Any CPU
		{16c79727-3ade-0978-6abd-537aa35c4f58}.Debug|Any CPU.ActiveCfg = Debug|Any CPU
		{16c79727-3ade-0978-6abd-537aa35c4f58}.Debug|Any CPU.Build.0 = Debug|Any CPU
		{16c79727-3ade-0978-6abd-537aa35c4f58}.Release|Any CPU.ActiveCfg = Release|Any CPU
		{16c79727-3ade-0978-6abd-537aa35c4f58}.Release|Any CPU.Build.0 = Release|Any CPU
		{b8796208-a5d7-32fa-ee01-807062de6fad}.Debug|Any CPU.ActiveCfg = Debug|Any CPU
		{b8796208-a5d7-32fa-ee01-807062de6fad}.Debug|Any CPU.Build.0 = Debug|Any CPU
		{b8796208-a5d7-32fa-ee01-807062de6fad}.Release|Any CPU.ActiveCfg = Release|Any CPU
		{b8796208-a5d7-32fa-ee01-807062de6fad}.Release|Any CPU.Build.0 = Release|Any CPU
		{6422457e-f317-baeb-a8f1-f54f625b5786}.Debug|Any CPU.ActiveCfg = Debug|Any CPU
		{6422457e-f317-baeb-a8f1-f54f625b5786}.Debug|Any CPU.Build.0 = Debug|Any CPU
		{6422457e-f317-baeb-a8f1-f54f625b5786}.Release|Any CPU.ActiveCfg = Release|Any CPU
		{6422457e-f317-baeb-a8f1-f54f625b5786}.Release|Any CPU.Build.0 = Release|Any CPU
		{28248194-5ad4-827f-196b-b8658c154b52}.Debug|Any CPU.ActiveCfg = Debug|Any CPU
		{28248194-5ad4-827f-196b-b8658c154b52}.Debug|Any CPU.Build.0 = Debug|Any CPU
		{28248194-5ad4-827f-196b-b8658c154b52}.Release|Any CPU.ActiveCfg = Release|Any CPU
		{28248194-5ad4-827f-196b-b8658c154b52}.Release|Any CPU.Build.0 = Release|Any CPU
		{d89b06b6-082e-48f8-61bf-124fbb32c440}.Debug|Any CPU.ActiveCfg = Debug|Any CPU
		{d89b06b6-082e-48f8-61bf-124fbb32c440}.Debug|Any CPU.Build.0 = Debug|Any CPU
		{d89b06b6-082e-48f8-61bf-124fbb32c440}.Release|Any CPU.ActiveCfg = Release|Any CPU
		{d89b06b6-082e-48f8-61bf-124fbb32c440}.Release|Any CPU.Build.0 = Release|Any CPU
		{0c08ddde-8ae1-2204-1063-1089e04fb3b1}.Debug|Any CPU.ActiveCfg = Debug|Any CPU
		{0c08ddde-8ae1-2204-1063-1089e04fb3b1}.Debug|Any CPU.Build.0 = Debug|Any CPU
		{0c08ddde-8ae1-2204-1063-1089e04fb3b1}.Release|Any CPU.ActiveCfg = Release|Any CPU
		{0c08ddde-8ae1-2204-1063-1089e04fb3b1}.Release|Any CPU.Build.0 = Release|Any CPU
		{84a8622c-a725-2986-4b50-deedcae2826b}.Debug|Any CPU.ActiveCfg = Debug|Any CPU
		{84a8622c-a725-2986-4b50-deedcae2826b}.Debug|Any CPU.Build.0 = Debug|Any CPU
		{84a8622c-a725-2986-4b50-deedcae2826b}.Release|Any CPU.ActiveCfg = Release|Any CPU
		{84a8622c-a725-2986-4b50-deedcae2826b}.Release|Any CPU.Build.0 = Release|Any CPU
		{9d5b7d62-3df4-207d-bac7-0224a15f0d31}.Debug|Any CPU.ActiveCfg = Debug|Any CPU
		{9d5b7d62-3df4-207d-bac7-0224a15f0d31}.Debug|Any CPU.Build.0 = Debug|Any CPU
		{9d5b7d62-3df4-207d-bac7-0224a15f0d31}.Release|Any CPU.ActiveCfg = Release|Any CPU
		{9d5b7d62-3df4-207d-bac7-0224a15f0d31}.Release|Any CPU.Build.0 = Release|Any CPU
		{31a5a0a4-ba15-7d25-d69c-6c4541823473}.Debug|Any CPU.ActiveCfg = Debug|Any CPU
		{31a5a0a4-ba15-7d25-d69c-6c4541823473}.Debug|Any CPU.Build.0 = Debug|Any CPU
		{31a5a0a4-ba15-7d25-d69c-6c4541823473}.Release|Any CPU.ActiveCfg = Release|Any CPU
		{31a5a0a4-ba15-7d25-d69c-6c4541823473}.Release|Any CPU.Build.0 = Release|Any CPU
	EndGlobalSection
	GlobalSection(SolutionProperties) = preSolution
		HideSolutionNode = FALSE
	EndGlobalSection
EndGlobal
