
Microsoft Visual Studio Solution File, Format Version 11.00
# Visual Studio 2010
Project("{FAE04EC0-301F-11D3-BF4B-00C04F79EFBC}") = "Assembly-CSharp", "Assembly-CSharp.csproj", "{c537bd8c-3b38-541d-9974-d36351941c3f}"
EndProject
Project("{FAE04EC0-301F-11D3-BF4B-00C04F79EFBC}") = "EchoVRAPI", "EchoVRAPI.csproj", "{26800ecf-2abc-fd48-a10e-70fa682c8fd9}"
EndProject
Project("{FAE04EC0-301F-11D3-BF4B-00C04F79EFBC}") = "ButterReplays", "ButterReplays.csproj", "{13d1a138-1371-bd74-246c-911f29b08bad}"
EndProject
Project("{FAE04EC0-301F-11D3-BF4B-00C04F79EFBC}") = "Assembly-CSharp-firstpass", "Assembly-CSharp-firstpass.csproj", "{fbabf9cb-3fda-7612-bac2-d479b5b9a9bf}"
EndProject
Project("{FAE04EC0-301F-11D3-BF4B-00C04F79EFBC}") = "MenuTablet", "MenuTablet.csproj", "{5a725e49-dcbb-ea9c-50e4-97c43f445d3d}"
EndProject
Project("{FAE04EC0-301F-11D3-BF4B-00C04F79EFBC}") = "Assembly-CSharp-Editor-firstpass", "Assembly-CSharp-Editor-firstpass.csproj", "{0c08ddde-8ae1-2204-1063-1089e04fb3b1}"
EndProject
Project("{FAE04EC0-301F-11D3-BF4B-00C04F79EFBC}") = "Assembly-CSharp-Editor", "Assembly-CSharp-Editor.csproj", "{a5b9f151-1e85-7ef4-4edb-99706057faea}"
EndProject
Global
	GlobalSection(SolutionConfigurationPlatforms) = preSolution
		Debug|Any CPU = Debug|Any CPU
	EndGlobalSection
	GlobalSection(ProjectConfigurationPlatforms) = postSolution
		{c537bd8c-3b38-541d-9974-d36351941c3f}.Debug|Any CPU.ActiveCfg = Debug|Any CPU
		{c537bd8c-3b38-541d-9974-d36351941c3f}.Debug|Any CPU.Build.0 = Debug|Any CPU
		{26800ecf-2abc-fd48-a10e-70fa682c8fd9}.Debug|Any CPU.ActiveCfg = Debug|Any CPU
		{26800ecf-2abc-fd48-a10e-70fa682c8fd9}.Debug|Any CPU.Build.0 = Debug|Any CPU
		{13d1a138-1371-bd74-246c-911f29b08bad}.Debug|Any CPU.ActiveCfg = Debug|Any CPU
		{13d1a138-1371-bd74-246c-911f29b08bad}.Debug|Any CPU.Build.0 = Debug|Any CPU
		{fbabf9cb-3fda-7612-bac2-d479b5b9a9bf}.Debug|Any CPU.ActiveCfg = Debug|Any CPU
		{fbabf9cb-3fda-7612-bac2-d479b5b9a9bf}.Debug|Any CPU.Build.0 = Debug|Any CPU
		{5a725e49-dcbb-ea9c-50e4-97c43f445d3d}.Debug|Any CPU.ActiveCfg = Debug|Any CPU
		{5a725e49-dcbb-ea9c-50e4-97c43f445d3d}.Debug|Any CPU.Build.0 = Debug|Any CPU
		{0c08ddde-8ae1-2204-1063-1089e04fb3b1}.Debug|Any CPU.ActiveCfg = Debug|Any CPU
		{0c08ddde-8ae1-2204-1063-1089e04fb3b1}.Debug|Any CPU.Build.0 = Debug|Any CPU
		{a5b9f151-1e85-7ef4-4edb-99706057faea}.Debug|Any CPU.ActiveCfg = Debug|Any CPU
		{a5b9f151-1e85-7ef4-4edb-99706057faea}.Debug|Any CPU.Build.0 = Debug|Any CPU
	EndGlobalSection
	GlobalSection(SolutionProperties) = preSolution
		HideSolutionNode = FALSE
	EndGlobalSection
EndGlobal
